{
  "requires": true,
  "lockfileVersion": 1,
  "dependencies": {
    "normalize-url": {
      "version": "3.0.1",
      "resolved": "https://registry.npmjs.org/normalize-url/-/normalize-url-3.0.1.tgz",
      "integrity": "sha512-yFWAVAB0JJ4oIcuheItBDajxG8hqWJUPu4yh5yAQNYxL4SBwn3Xm6TYBPgdMSGRKKV8SqBbLBrGyt1e2UFcW4Q=="
    }
  }
}
